
Microsoft Visual Studio Solution File, Format Version 12.00
# Visual Studio Version 17
VisualStudioVersion = 17.14.36109.1 d17.14
MinimumVisualStudioVersion = 10.0.40219.1
Project("{FAE04EC0-301F-11D3-BF4B-00C04F79EFBC}") = "AiBoardGame", "..\AiBoardGame\AiBoardGame\AiBoardGame.csproj", "{06793D61-6F22-4156-94D9-25D01C770CBC}"
EndProject
Global
	GlobalSection(SolutionConfigurationPlatforms) = preSolution
		Debug|Any CPU = Debug|Any CPU
		Release|Any CPU = Release|Any CPU
	EndGlobalSection
	GlobalSection(ProjectConfigurationPlatforms) = postSolution
		{06793D61-6F22-4156-94D9-25D01C770CBC}.Debug|Any CPU.ActiveCfg = Debug|Any CPU
		{06793D61-6F22-4156-94D9-25D01C770CBC}.Debug|Any CPU.Build.0 = Debug|Any CPU
		{06793D61-6F22-4156-94D9-25D01C770CBC}.Release|Any CPU.ActiveCfg = Release|Any CPU
		{06793D61-6F22-4156-94D9-25D01C770CBC}.Release|Any CPU.Build.0 = Release|Any CPU
	EndGlobalSection
	GlobalSection(SolutionProperties) = preSolution
		HideSolutionNode = FALSE
	EndGlobalSection
	GlobalSection(ExtensibilityGlobals) = postSolution
		SolutionGuid = {79AC16A5-3CAE-472E-9D26-09C07363160C}
	EndGlobalSection
EndGlobal
